// !$*UTF8*$!
{
	archiveVersion = 1;
	classes = {
	};
	objectVersion = 51;
	objects = {

/* Begin PBXBuildFile section */
		091605CDB6A7E0450879A270 /* Pods_Uber.framework in Frameworks */ = {isa = PBXBuildFile; fileRef = 37D234F134C84BE028E3BDC4 /* Pods_Uber.framework */; };
		150CE1BE251C566D003B7865 /* AppDelegate.swift in Sources */ = {isa = PBXBuildFile; fileRef = 150CE1BD251C566D003B7865 /* AppDelegate.swift */; };
		150CE1C0251C566D003B7865 /* SceneDelegate.swift in Sources */ = {isa = PBXBuildFile; fileRef = 150CE1BF251C566D003B7865 /* SceneDelegate.swift */; };
		150CE1C5251C566D003B7865 /* Main.storyboard in Resources */ = {isa = PBXBuildFile; fileRef = 150CE1C3251C566D003B7865 /* Main.storyboard */; };
		150CE1C7251C566E003B7865 /* Assets.xcassets in Resources */ = {isa = PBXBuildFile; fileRef = 150CE1C6251C566E003B7865 /* Assets.xcassets */; };
		150CE1CA251C566E003B7865 /* LaunchScreen.storyboard in Resources */ = {isa = PBXBuildFile; fileRef = 150CE1C8251C566E003B7865 /* LaunchScreen.storyboard */; };
		150CE1DB251C57EB003B7865 /* LoginController.swift in Sources */ = {isa = PBXBuildFile; fileRef = 150CE1DA251C57EB003B7865 /* LoginController.swift */; };
		150CE1EB251C5E03003B7865 /* Extension.swift in Sources */ = {isa = PBXBuildFile; fileRef = 150CE1EA251C5E03003B7865 /* Extension.swift */; };
		1515005A253814180087E085 /* RideActionView.swift in Sources */ = {isa = PBXBuildFile; fileRef = 15150059253814180087E085 /* RideActionView.swift */; };
		1515005D25385A190087E085 /* Trip.swift in Sources */ = {isa = PBXBuildFile; fileRef = 1515005C25385A190087E085 /* Trip.swift */; };
		1515006025394BE60087E085 /* PickupController.swift in Sources */ = {isa = PBXBuildFile; fileRef = 1515005F25394BE60087E085 /* PickupController.swift */; };
		1517BA4B2563201500BBF665 /* AddLocationController.swift in Sources */ = {isa = PBXBuildFile; fileRef = 1517BA4A2563201500BBF665 /* AddLocationController.swift */; };
		15235AA5255E1ACA00884AE3 /* MenuController.swift in Sources */ = {isa = PBXBuildFile; fileRef = 15235AA4255E1ACA00884AE3 /* MenuController.swift */; };
		15235AA8255E1AF400884AE3 /* ContainerController.swift in Sources */ = {isa = PBXBuildFile; fileRef = 15235AA7255E1AF400884AE3 /* ContainerController.swift */; };
		15235AAB255E7AF700884AE3 /* MenuHeader.swift in Sources */ = {isa = PBXBuildFile; fileRef = 15235AAA255E7AF700884AE3 /* MenuHeader.swift */; };
		1589FA48252D74210034BDAD /* GoogleService-Info.plist in Resources */ = {isa = PBXBuildFile; fileRef = 1589FA47252D74210034BDAD /* GoogleService-Info.plist */; };
		1589FA5D252DB89D0034BDAD /* HomeController.swift in Sources */ = {isa = PBXBuildFile; fileRef = 1589FA5C252DB89D0034BDAD /* HomeController.swift */; };
		1589FA6D252EB9140034BDAD /* LocationInputActivationView.swift in Sources */ = {isa = PBXBuildFile; fileRef = 1589FA6C252EB9140034BDAD /* LocationInputActivationView.swift */; };
		1589FA70252ECC3E0034BDAD /* LocationInputView.swift in Sources */ = {isa = PBXBuildFile; fileRef = 1589FA6F252ECC3E0034BDAD /* LocationInputView.swift */; };
		1589FA73252FDCFD0034BDAD /* LocationCell.swift in Sources */ = {isa = PBXBuildFile; fileRef = 1589FA72252FDCFD0034BDAD /* LocationCell.swift */; };
		1589FA7625301FC50034BDAD /* Service.swift in Sources */ = {isa = PBXBuildFile; fileRef = 1589FA7525301FC50034BDAD /* Service.swift */; };
		1589FA7925302AB70034BDAD /* User.swift in Sources */ = {isa = PBXBuildFile; fileRef = 1589FA7825302AB70034BDAD /* User.swift */; };
		1589FA7C253047AE0034BDAD /* LocationHandler.swift in Sources */ = {isa = PBXBuildFile; fileRef = 1589FA7B253047AE0034BDAD /* LocationHandler.swift */; };
		1589FAA3253471A60034BDAD /* DriverAnnotation.swift in Sources */ = {isa = PBXBuildFile; fileRef = 1589FAA2253471A60034BDAD /* DriverAnnotation.swift */; };
		158A3FBB25625377005BB458 /* SettingsController.swift in Sources */ = {isa = PBXBuildFile; fileRef = 158A3FBA25625377005BB458 /* SettingsController.swift */; };
		158A3FD225625832005BB458 /* UserInfoHeader.swift in Sources */ = {isa = PBXBuildFile; fileRef = 158A3FD125625832005BB458 /* UserInfoHeader.swift */; };
		159C5935256758290072C1C2 /* CircularProgressView.swift in Sources */ = {isa = PBXBuildFile; fileRef = 159C5934256758290072C1C2 /* CircularProgressView.swift */; };
		15A09204252821840004E70B /* AuthButton.swift in Sources */ = {isa = PBXBuildFile; fileRef = 15A09203252821840004E70B /* AuthButton.swift */; };
		15E31BB62523443100195552 /* SignUpController.swift in Sources */ = {isa = PBXBuildFile; fileRef = 15E31BB52523443100195552 /* SignUpController.swift */; };
/* End PBXBuildFile section */

/* Begin PBXFileReference section */
		150CE1BA251C566D003B7865 /* Uber.app */ = {isa = PBXFileReference; explicitFileType = wrapper.application; includeInIndex = 0; path = Uber.app; sourceTree = BUILT_PRODUCTS_DIR; };
		150CE1BD251C566D003B7865 /* AppDelegate.swift */ = {isa = PBXFileReference; lastKnownFileType = sourcecode.swift; path = AppDelegate.swift; sourceTree = "<group>"; };
		150CE1BF251C566D003B7865 /* SceneDelegate.swift */ = {isa = PBXFileReference; lastKnownFileType = sourcecode.swift; path = SceneDelegate.swift; sourceTree = "<group>"; };
		150CE1C4251C566D003B7865 /* Base */ = {isa = PBXFileReference; lastKnownFileType = file.storyboard; name = Base; path = Base.lproj/Main.storyboard; sourceTree = "<group>"; };
		150CE1C6251C566E003B7865 /* Assets.xcassets */ = {isa = PBXFileReference; lastKnownFileType = folder.assetcatalog; path = Assets.xcassets; sourceTree = "<group>"; };
		150CE1C9251C566E003B7865 /* Base */ = {isa = PBXFileReference; lastKnownFileType = file.storyboard; name = Base; path = Base.lproj/LaunchScreen.storyboard; sourceTree = "<group>"; };
		150CE1CB251C566E003B7865 /* Info.plist */ = {isa = PBXFileReference; lastKnownFileType = text.plist.xml; path = Info.plist; sourceTree = "<group>"; };
		150CE1DA251C57EB003B7865 /* LoginController.swift */ = {isa = PBXFileReference; lastKnownFileType = sourcecode.swift; path = LoginController.swift; sourceTree = "<group>"; };
		150CE1EA251C5E03003B7865 /* Extension.swift */ = {isa = PBXFileReference; lastKnownFileType = sourcecode.swift; path = Extension.swift; sourceTree = "<group>"; };
		15150059253814180087E085 /* RideActionView.swift */ = {isa = PBXFileReference; lastKnownFileType = sourcecode.swift; path = RideActionView.swift; sourceTree = "<group>"; };
		1515005C25385A190087E085 /* Trip.swift */ = {isa = PBXFileReference; lastKnownFileType = sourcecode.swift; path = Trip.swift; sourceTree = "<group>"; };
		1515005F25394BE60087E085 /* PickupController.swift */ = {isa = PBXFileReference; lastKnownFileType = sourcecode.swift; path = PickupController.swift; sourceTree = "<group>"; };
		1517BA4A2563201500BBF665 /* AddLocationController.swift */ = {isa = PBXFileReference; lastKnownFileType = sourcecode.swift; path = AddLocationController.swift; sourceTree = "<group>"; };
		15235AA4255E1ACA00884AE3 /* MenuController.swift */ = {isa = PBXFileReference; lastKnownFileType = sourcecode.swift; path = MenuController.swift; sourceTree = "<group>"; };
		15235AA7255E1AF400884AE3 /* ContainerController.swift */ = {isa = PBXFileReference; lastKnownFileType = sourcecode.swift; path = ContainerController.swift; sourceTree = "<group>"; };
		15235AAA255E7AF700884AE3 /* MenuHeader.swift */ = {isa = PBXFileReference; lastKnownFileType = sourcecode.swift; path = MenuHeader.swift; sourceTree = "<group>"; };
		1589FA47252D74210034BDAD /* GoogleService-Info.plist */ = {isa = PBXFileReference; fileEncoding = 4; lastKnownFileType = text.plist.xml; path = "GoogleService-Info.plist"; sourceTree = "<group>"; };
		1589FA5C252DB89D0034BDAD /* HomeController.swift */ = {isa = PBXFileReference; lastKnownFileType = sourcecode.swift; path = HomeController.swift; sourceTree = "<group>"; };
		1589FA6C252EB9140034BDAD /* LocationInputActivationView.swift */ = {isa = PBXFileReference; lastKnownFileType = sourcecode.swift; path = LocationInputActivationView.swift; sourceTree = "<group>"; };
		1589FA6F252ECC3E0034BDAD /* LocationInputView.swift */ = {isa = PBXFileReference; lastKnownFileType = sourcecode.swift; path = LocationInputView.swift; sourceTree = "<group>"; };
		1589FA72252FDCFD0034BDAD /* LocationCell.swift */ = {isa = PBXFileReference; lastKnownFileType = sourcecode.swift; path = LocationCell.swift; sourceTree = "<group>"; };
		1589FA7525301FC50034BDAD /* Service.swift */ = {isa = PBXFileReference; lastKnownFileType = sourcecode.swift; path = Service.swift; sourceTree = "<group>"; };
		1589FA7825302AB70034BDAD /* User.swift */ = {isa = PBXFileReference; lastKnownFileType = sourcecode.swift; path = User.swift; sourceTree = "<group>"; };
		1589FA7B253047AE0034BDAD /* LocationHandler.swift */ = {isa = PBXFileReference; lastKnownFileType = sourcecode.swift; path = LocationHandler.swift; sourceTree = "<group>"; };
		1589FAA2253471A60034BDAD /* DriverAnnotation.swift */ = {isa = PBXFileReference; lastKnownFileType = sourcecode.swift; path = DriverAnnotation.swift; sourceTree = "<group>"; };
		158A3FBA25625377005BB458 /* SettingsController.swift */ = {isa = PBXFileReference; lastKnownFileType = sourcecode.swift; path = SettingsController.swift; sourceTree = "<group>"; };
		158A3FD125625832005BB458 /* UserInfoHeader.swift */ = {isa = PBXFileReference; lastKnownFileType = sourcecode.swift; path = UserInfoHeader.swift; sourceTree = "<group>"; };
		159C5934256758290072C1C2 /* CircularProgressView.swift */ = {isa = PBXFileReference; lastKnownFileType = sourcecode.swift; path = CircularProgressView.swift; sourceTree = "<group>"; };
		15A09203252821840004E70B /* AuthButton.swift */ = {isa = PBXFileReference; lastKnownFileType = sourcecode.swift; path = AuthButton.swift; sourceTree = "<group>"; };
		15E31BB52523443100195552 /* SignUpController.swift */ = {isa = PBXFileReference; lastKnownFileType = sourcecode.swift; path = SignUpController.swift; sourceTree = "<group>"; };
		37D234F134C84BE028E3BDC4 /* Pods_Uber.framework */ = {isa = PBXFileReference; explicitFileType = wrapper.framework; includeInIndex = 0; path = Pods_Uber.framework; sourceTree = BUILT_PRODUCTS_DIR; };
		5F1BA46BA32C630A92E71422 /* Pods-Uber.release.xcconfig */ = {isa = PBXFileReference; includeInIndex = 1; lastKnownFileType = text.xcconfig; name = "Pods-Uber.release.xcconfig"; path = "Target Support Files/Pods-Uber/Pods-Uber.release.xcconfig"; sourceTree = "<group>"; };
		7D4BFCD61806351F0F97AE52 /* Pods-Uber.debug.xcconfig */ = {isa = PBXFileReference; includeInIndex = 1; lastKnownFileType = text.xcconfig; name = "Pods-Uber.debug.xcconfig"; path = "Target Support Files/Pods-Uber/Pods-Uber.debug.xcconfig"; sourceTree = "<group>"; };
/* End PBXFileReference section */

/* Begin PBXFrameworksBuildPhase section */
		150CE1B7251C566D003B7865 /* Frameworks */ = {
			isa = PBXFrameworksBuildPhase;
			buildActionMask = 2147483647;
			files = (
				091605CDB6A7E0450879A270 /* Pods_Uber.framework in Frameworks */,
			);
			runOnlyForDeploymentPostprocessing = 0;
		};
/* End PBXFrameworksBuildPhase section */

/* Begin PBXGroup section */
		150CE1B1251C566D003B7865 = {
			isa = PBXGroup;
			children = (
				150CE1BC251C566D003B7865 /* Uber */,
				150CE1BB251C566D003B7865 /* Products */,
				D0797C5A50230024884B6552 /* Pods */,
				53178F82F02D568E3BF31449 /* Frameworks */,
			);
			sourceTree = "<group>";
		};
		150CE1BB251C566D003B7865 /* Products */ = {
			isa = PBXGroup;
			children = (
				150CE1BA251C566D003B7865 /* Uber.app */,
			);
			name = Products;
			sourceTree = "<group>";
		};
		150CE1BC251C566D003B7865 /* Uber */ = {
			isa = PBXGroup;
			children = (
				150CE1D8251C574E003B7865 /* Utils */,
				150CE1D7251C5732003B7865 /* Service */,
				150CE1D6251C5721003B7865 /* Controller */,
				150CE1D5251C56FB003B7865 /* Model */,
				150CE1D3251C56F7003B7865 /* Views */,
				150CE1BD251C566D003B7865 /* AppDelegate.swift */,
				150CE1BF251C566D003B7865 /* SceneDelegate.swift */,
				150CE1C3251C566D003B7865 /* Main.storyboard */,
				150CE1C6251C566E003B7865 /* Assets.xcassets */,
				150CE1C8251C566E003B7865 /* LaunchScreen.storyboard */,
				1589FA47252D74210034BDAD /* GoogleService-Info.plist */,
				150CE1CB251C566E003B7865 /* Info.plist */,
			);
			path = Uber;
			sourceTree = "<group>";
		};
		150CE1D3251C56F7003B7865 /* Views */ = {
			isa = PBXGroup;
			children = (
				15A09203252821840004E70B /* AuthButton.swift */,
				1589FA6C252EB9140034BDAD /* LocationInputActivationView.swift */,
				1589FA6F252ECC3E0034BDAD /* LocationInputView.swift */,
				1589FA72252FDCFD0034BDAD /* LocationCell.swift */,
				15150059253814180087E085 /* RideActionView.swift */,
				15235AAA255E7AF700884AE3 /* MenuHeader.swift */,
				158A3FD125625832005BB458 /* UserInfoHeader.swift */,
				159C5934256758290072C1C2 /* CircularProgressView.swift */,
			);
			path = Views;
			sourceTree = "<group>";
		};
		150CE1D5251C56FB003B7865 /* Model */ = {
			isa = PBXGroup;
			children = (
				1589FA7825302AB70034BDAD /* User.swift */,
				1589FAA2253471A60034BDAD /* DriverAnnotation.swift */,
				1515005C25385A190087E085 /* Trip.swift */,
			);
			path = Model;
			sourceTree = "<group>";
		};
		150CE1D6251C5721003B7865 /* Controller */ = {
			isa = PBXGroup;
			children = (
				1517BA4925631FF400BBF665 /* Settings */,
				15235AA3255E1A5400884AE3 /* SideMenu */,
				15235AA2255E1A2200884AE3 /* Authentication */,
				1589FA5C252DB89D0034BDAD /* HomeController.swift */,
				1515005F25394BE60087E085 /* PickupController.swift */,
			);
			path = Controller;
			sourceTree = "<group>";
		};
		150CE1D7251C5732003B7865 /* Service */ = {
			isa = PBXGroup;
			children = (
				1589FA7525301FC50034BDAD /* Service.swift */,
			);
			path = Service;
			sourceTree = "<group>";
		};
		150CE1D8251C574E003B7865 /* Utils */ = {
			isa = PBXGroup;
			children = (
				150CE1EA251C5E03003B7865 /* Extension.swift */,
				1589FA7B253047AE0034BDAD /* LocationHandler.swift */,
			);
			path = Utils;
			sourceTree = "<group>";
		};
		1517BA4925631FF400BBF665 /* Settings */ = {
			isa = PBXGroup;
			children = (
				158A3FBA25625377005BB458 /* SettingsController.swift */,
				1517BA4A2563201500BBF665 /* AddLocationController.swift */,
			);
			path = Settings;
			sourceTree = "<group>";
		};
		15235AA2255E1A2200884AE3 /* Authentication */ = {
			isa = PBXGroup;
			children = (
				150CE1DA251C57EB003B7865 /* LoginController.swift */,
				15E31BB52523443100195552 /* SignUpController.swift */,
			);
			path = Authentication;
			sourceTree = "<group>";
		};
		15235AA3255E1A5400884AE3 /* SideMenu */ = {
			isa = PBXGroup;
			children = (
				15235AA4255E1ACA00884AE3 /* MenuController.swift */,
				15235AA7255E1AF400884AE3 /* ContainerController.swift */,
			);
			path = SideMenu;
			sourceTree = "<group>";
		};
		53178F82F02D568E3BF31449 /* Frameworks */ = {
			isa = PBXGroup;
			children = (
				37D234F134C84BE028E3BDC4 /* Pods_Uber.framework */,
			);
			name = Frameworks;
			sourceTree = "<group>";
		};
		D0797C5A50230024884B6552 /* Pods */ = {
			isa = PBXGroup;
			children = (
				7D4BFCD61806351F0F97AE52 /* Pods-Uber.debug.xcconfig */,
				5F1BA46BA32C630A92E71422 /* Pods-Uber.release.xcconfig */,
			);
			path = Pods;
			sourceTree = "<group>";
		};
/* End PBXGroup section */

/* Begin PBXNativeTarget section */
		150CE1B9251C566D003B7865 /* Uber */ = {
			isa = PBXNativeTarget;
			buildConfigurationList = 150CE1CE251C566E003B7865 /* Build configuration list for PBXNativeTarget "Uber" */;
			buildPhases = (
				BA71ECB66D89C29A162E4DD1 /* [CP] Check Pods Manifest.lock */,
				150CE1B6251C566D003B7865 /* Sources */,
				150CE1B7251C566D003B7865 /* Frameworks */,
				150CE1B8251C566D003B7865 /* Resources */,
				3DDA27EA6382B34C71137E43 /* [CP] Embed Pods Frameworks */,
			);
			buildRules = (
			);
			dependencies = (
			);
			name = Uber;
			productName = Uber;
			productReference = 150CE1BA251C566D003B7865 /* Uber.app */;
			productType = "com.apple.product-type.application";
		};
/* End PBXNativeTarget section */

/* Begin PBXProject section */
		150CE1B2251C566D003B7865 /* Project object */ = {
			isa = PBXProject;
			attributes = {
				LastSwiftUpdateCheck = 1200;
				LastUpgradeCheck = 1200;
				TargetAttributes = {
					150CE1B9251C566D003B7865 = {
						CreatedOnToolsVersion = 12.0;
					};
				};
			};
			buildConfigurationList = 150CE1B5251C566D003B7865 /* Build configuration list for PBXProject "Uber" */;
			compatibilityVersion = "Xcode 9.3";
			developmentRegion = en;
			hasScannedForEncodings = 0;
			knownRegions = (
				en,
				Base,
			);
			mainGroup = 150CE1B1251C566D003B7865;
			productRefGroup = 150CE1BB251C566D003B7865 /* Products */;
			projectDirPath = "";
			projectRoot = "";
			targets = (
				150CE1B9251C566D003B7865 /* Uber */,
			);
		};
/* End PBXProject section */

/* Begin PBXResourcesBuildPhase section */
		150CE1B8251C566D003B7865 /* Resources */ = {
			isa = PBXResourcesBuildPhase;
			buildActionMask = 2147483647;
			files = (
				150CE1CA251C566E003B7865 /* LaunchScreen.storyboard in Resources */,
				1589FA48252D74210034BDAD /* GoogleService-Info.plist in Resources */,
				150CE1C7251C566E003B7865 /* Assets.xcassets in Resources */,
				150CE1C5251C566D003B7865 /* Main.storyboard in Resources */,
			);
			runOnlyForDeploymentPostprocessing = 0;
		};
/* End PBXResourcesBuildPhase section */

/* Begin PBXShellScriptBuildPhase section */
		3DDA27EA6382B34C71137E43 /* [CP] Embed Pods Frameworks */ = {
			isa = PBXShellScriptBuildPhase;
			buildActionMask = 2147483647;
			files = (
			);
			inputFileListPaths = (
				"${PODS_ROOT}/Target Support Files/Pods-Uber/Pods-Uber-frameworks-${CONFIGURATION}-input-files.xcfilelist",
			);
			name = "[CP] Embed Pods Frameworks";
			outputFileListPaths = (
				"${PODS_ROOT}/Target Support Files/Pods-Uber/Pods-Uber-frameworks-${CONFIGURATION}-output-files.xcfilelist",
			);
			runOnlyForDeploymentPostprocessing = 0;
			shellPath = /bin/sh;
			shellScript = "\"${PODS_ROOT}/Target Support Files/Pods-Uber/Pods-Uber-frameworks.sh\"\n";
			showEnvVarsInLog = 0;
		};
		BA71ECB66D89C29A162E4DD1 /* [CP] Check Pods Manifest.lock */ = {
			isa = PBXShellScriptBuildPhase;
			buildActionMask = 2147483647;
			files = (
			);
			inputFileListPaths = (
			);
			inputPaths = (
				"${PODS_PODFILE_DIR_PATH}/Podfile.lock",
				"${PODS_ROOT}/Manifest.lock",
			);
			name = "[CP] Check Pods Manifest.lock";
			outputFileListPaths = (
			);
			outputPaths = (
				"$(DERIVED_FILE_DIR)/Pods-Uber-checkManifestLockResult.txt",
			);
			runOnlyForDeploymentPostprocessing = 0;
			shellPath = /bin/sh;
			shellScript = "diff \"${PODS_PODFILE_DIR_PATH}/Podfile.lock\" \"${PODS_ROOT}/Manifest.lock\" > /dev/null\nif [ $? != 0 ] ; then\n    # print error to STDERR\n    echo \"error: The sandbox is not in sync with the Podfile.lock. Run 'pod install' or update your CocoaPods installation.\" >&2\n    exit 1\nfi\n# This output is used by Xcode 'outputs' to avoid re-running this script phase.\necho \"SUCCESS\" > \"${SCRIPT_OUTPUT_FILE_0}\"\n";
			showEnvVarsInLog = 0;
		};
/* End PBXShellScriptBuildPhase section */

/* Begin PBXSourcesBuildPhase section */
		150CE1B6251C566D003B7865 /* Sources */ = {
			isa = PBXSourcesBuildPhase;
			buildActionMask = 2147483647;
			files = (
				15E31BB62523443100195552 /* SignUpController.swift in Sources */,
				15A09204252821840004E70B /* AuthButton.swift in Sources */,
				1589FA5D252DB89D0034BDAD /* HomeController.swift in Sources */,
				158A3FD225625832005BB458 /* UserInfoHeader.swift in Sources */,
				158A3FBB25625377005BB458 /* SettingsController.swift in Sources */,
				1589FA70252ECC3E0034BDAD /* LocationInputView.swift in Sources */,
				1515005D25385A190087E085 /* Trip.swift in Sources */,
				1515006025394BE60087E085 /* PickupController.swift in Sources */,
				1589FAA3253471A60034BDAD /* DriverAnnotation.swift in Sources */,
				150CE1DB251C57EB003B7865 /* LoginController.swift in Sources */,
				159C5935256758290072C1C2 /* CircularProgressView.swift in Sources */,
				150CE1BE251C566D003B7865 /* AppDelegate.swift in Sources */,
				1517BA4B2563201500BBF665 /* AddLocationController.swift in Sources */,
				1589FA73252FDCFD0034BDAD /* LocationCell.swift in Sources */,
				15235AA5255E1ACA00884AE3 /* MenuController.swift in Sources */,
				1589FA7C253047AE0034BDAD /* LocationHandler.swift in Sources */,
				15235AA8255E1AF400884AE3 /* ContainerController.swift in Sources */,
				15235AAB255E7AF700884AE3 /* MenuHeader.swift in Sources */,
				150CE1C0251C566D003B7865 /* SceneDelegate.swift in Sources */,
				1515005A253814180087E085 /* RideActionView.swift in Sources */,
				1589FA7925302AB70034BDAD /* User.swift in Sources */,
				1589FA7625301FC50034BDAD /* Service.swift in Sources */,
				1589FA6D252EB9140034BDAD /* LocationInputActivationView.swift in Sources */,
				150CE1EB251C5E03003B7865 /* Extension.swift in Sources */,
			);
			runOnlyForDeploymentPostprocessing = 0;
		};
/* End PBXSourcesBuildPhase section */

/* Begin PBXVariantGroup section */
		150CE1C3251C566D003B7865 /* Main.storyboard */ = {
			isa = PBXVariantGroup;
			children = (
				150CE1C4251C566D003B7865 /* Base */,
			);
			name = Main.storyboard;
			sourceTree = "<group>";
		};
		150CE1C8251C566E003B7865 /* LaunchScreen.storyboard */ = {
			isa = PBXVariantGroup;
			children = (
				150CE1C9251C566E003B7865 /* Base */,
			);
			name = LaunchScreen.storyboard;
			sourceTree = "<group>";
		};
/* End PBXVariantGroup section */

/* Begin XCBuildConfiguration section */
		150CE1CC251C566E003B7865 /* Debug */ = {
			isa = XCBuildConfiguration;
			buildSettings = {
				ALWAYS_SEARCH_USER_PATHS = NO;
				CLANG_ANALYZER_NONNULL = YES;
				CLANG_ANALYZER_NUMBER_OBJECT_CONVERSION = YES_AGGRESSIVE;
				CLANG_CXX_LANGUAGE_STANDARD = "gnu++14";
				CLANG_CXX_LIBRARY = "libc++";
				CLANG_ENABLE_MODULES = YES;
				CLANG_ENABLE_OBJC_ARC = YES;
				CLANG_ENABLE_OBJC_WEAK = YES;
				CLANG_WARN_BLOCK_CAPTURE_AUTORELEASING = YES;
				CLANG_WARN_BOOL_CONVERSION = YES;
				CLANG_WARN_COMMA = YES;
				CLANG_WARN_CONSTANT_CONVERSION = YES;
				CLANG_WARN_DEPRECATED_OBJC_IMPLEMENTATIONS = YES;
				CLANG_WARN_DIRECT_OBJC_ISA_USAGE = YES_ERROR;
				CLANG_WARN_DOCUMENTATION_COMMENTS = YES;
				CLANG_WARN_EMPTY_BODY = YES;
				CLANG_WARN_ENUM_CONVERSION = YES;
				CLANG_WARN_INFINITE_RECURSION = YES;
				CLANG_WARN_INT_CONVERSION = YES;
				CLANG_WARN_NON_LITERAL_NULL_CONVERSION = YES;
				CLANG_WARN_OBJC_IMPLICIT_RETAIN_SELF = YES;
				CLANG_WARN_OBJC_LITERAL_CONVERSION = YES;
				CLANG_WARN_OBJC_ROOT_CLASS = YES_ERROR;
				CLANG_WARN_QUOTED_INCLUDE_IN_FRAMEWORK_HEADER = YES;
				CLANG_WARN_RANGE_LOOP_ANALYSIS = YES;
				CLANG_WARN_STRICT_PROTOTYPES = YES;
				CLANG_WARN_SUSPICIOUS_MOVE = YES;
				CLANG_WARN_UNGUARDED_AVAILABILITY = YES_AGGRESSIVE;
				CLANG_WARN_UNREACHABLE_CODE = YES;
				CLANG_WARN__DUPLICATE_METHOD_MATCH = YES;
				COPY_PHASE_STRIP = NO;
				DEBUG_INFORMATION_FORMAT = dwarf;
				ENABLE_STRICT_OBJC_MSGSEND = YES;
				ENABLE_TESTABILITY = YES;
				GCC_C_LANGUAGE_STANDARD = gnu11;
				GCC_DYNAMIC_NO_PIC = NO;
				GCC_NO_COMMON_BLOCKS = YES;
				GCC_OPTIMIZATION_LEVEL = 0;
				GCC_PREPROCESSOR_DEFINITIONS = (
					"DEBUG=1",
					"$(inherited)",
				);
				GCC_WARN_64_TO_32_BIT_CONVERSION = YES;
				GCC_WARN_ABOUT_RETURN_TYPE = YES_ERROR;
				GCC_WARN_UNDECLARED_SELECTOR = YES;
				GCC_WARN_UNINITIALIZED_AUTOS = YES_AGGRESSIVE;
				GCC_WARN_UNUSED_FUNCTION = YES;
				GCC_WARN_UNUSED_VARIABLE = YES;
				IPHONEOS_DEPLOYMENT_TARGET = 14.0;
				MTL_ENABLE_DEBUG_INFO = INCLUDE_SOURCE;
				MTL_FAST_MATH = YES;
				ONLY_ACTIVE_ARCH = YES;
				SDKROOT = iphoneos;
				SWIFT_ACTIVE_COMPILATION_CONDITIONS = DEBUG;
				SWIFT_OPTIMIZATION_LEVEL = "-Onone";
			};
			name = Debug;
		};
		150CE1CD251C566E003B7865 /* Release */ = {
			isa = XCBuildConfiguration;
			buildSettings = {
				ALWAYS_SEARCH_USER_PATHS = NO;
				CLANG_ANALYZER_NONNULL = YES;
				CLANG_ANALYZER_NUMBER_OBJECT_CONVERSION = YES_AGGRESSIVE;
				CLANG_CXX_LANGUAGE_STANDARD = "gnu++14";
				CLANG_CXX_LIBRARY = "libc++";
				CLANG_ENABLE_MODULES = YES;
				CLANG_ENABLE_OBJC_ARC = YES;
				CLANG_ENABLE_OBJC_WEAK = YES;
				CLANG_WARN_BLOCK_CAPTURE_AUTORELEASING = YES;
				CLANG_WARN_BOOL_CONVERSION = YES;
				CLANG_WARN_COMMA = YES;
				CLANG_WARN_CONSTANT_CONVERSION = YES;
				CLANG_WARN_DEPRECATED_OBJC_IMPLEMENTATIONS = YES;
				CLANG_WARN_DIRECT_OBJC_ISA_USAGE = YES_ERROR;
				CLANG_WARN_DOCUMENTATION_COMMENTS = YES;
				CLANG_WARN_EMPTY_BODY = YES;
				CLANG_WARN_ENUM_CONVERSION = YES;
				CLANG_WARN_INFINITE_RECURSION = YES;
				CLANG_WARN_INT_CONVERSION = YES;
				CLANG_WARN_NON_LITERAL_NULL_CONVERSION = YES;
				CLANG_WARN_OBJC_IMPLICIT_RETAIN_SELF = YES;
				CLANG_WARN_OBJC_LITERAL_CONVERSION = YES;
				CLANG_WARN_OBJC_ROOT_CLASS = YES_ERROR;
				CLANG_WARN_QUOTED_INCLUDE_IN_FRAMEWORK_HEADER = YES;
				CLANG_WARN_RANGE_LOOP_ANALYSIS = YES;
				CLANG_WARN_STRICT_PROTOTYPES = YES;
				CLANG_WARN_SUSPICIOUS_MOVE = YES;
				CLANG_WARN_UNGUARDED_AVAILABILITY = YES_AGGRESSIVE;
				CLANG_WARN_UNREACHABLE_CODE = YES;
				CLANG_WARN__DUPLICATE_METHOD_MATCH = YES;
				COPY_PHASE_STRIP = NO;
				DEBUG_INFORMATION_FORMAT = "dwarf-with-dsym";
				ENABLE_NS_ASSERTIONS = NO;
				ENABLE_STRICT_OBJC_MSGSEND = YES;
				GCC_C_LANGUAGE_STANDARD = gnu11;
				GCC_NO_COMMON_BLOCKS = YES;
				GCC_WARN_64_TO_32_BIT_CONVERSION = YES;
				GCC_WARN_ABOUT_RETURN_TYPE = YES_ERROR;
				GCC_WARN_UNDECLARED_SELECTOR = YES;
				GCC_WARN_UNINITIALIZED_AUTOS = YES_AGGRESSIVE;
				GCC_WARN_UNUSED_FUNCTION = YES;
				GCC_WARN_UNUSED_VARIABLE = YES;
				IPHONEOS_DEPLOYMENT_TARGET = 14.0;
				MTL_ENABLE_DEBUG_INFO = NO;
				MTL_FAST_MATH = YES;
				SDKROOT = iphoneos;
				SWIFT_COMPILATION_MODE = wholemodule;
				SWIFT_OPTIMIZATION_LEVEL = "-O";
				VALIDATE_PRODUCT = YES;
			};
			name = Release;
		};
		150CE1CF251C566E003B7865 /* Debug */ = {
			isa = XCBuildConfiguration;
			baseConfigurationReference = 7D4BFCD61806351F0F97AE52 /* Pods-Uber.debug.xcconfig */;
			buildSettings = {
				ASSETCATALOG_COMPILER_APPICON_NAME = AppIcon;
				ASSETCATALOG_COMPILER_GLOBAL_ACCENT_COLOR_NAME = AccentColor;
				CODE_SIGN_STYLE = Automatic;
				DEVELOPMENT_TEAM = ATGLF89TD8;
				INFOPLIST_FILE = Uber/Info.plist;
				IPHONEOS_DEPLOYMENT_TARGET = 13.6;
				LD_RUNPATH_SEARCH_PATHS = (
					"$(inherited)",
					"@executable_path/Frameworks",
				);
				PRODUCT_BUNDLE_IDENTIFIER = com.app.studentProyect.Uber;
				PRODUCT_NAME = "$(TARGET_NAME)";
				SWIFT_VERSION = 5.0;
				TARGETED_DEVICE_FAMILY = "1,2";
			};
			name = Debug;
		};
		150CE1D0251C566E003B7865 /* Release */ = {
			isa = XCBuildConfiguration;
			baseConfigurationReference = 5F1BA46BA32C630A92E71422 /* Pods-Uber.release.xcconfig */;
			buildSettings = {
				ASSETCATALOG_COMPILER_APPICON_NAME = AppIcon;
				ASSETCATALOG_COMPILER_GLOBAL_ACCENT_COLOR_NAME = AccentColor;
				CODE_SIGN_STYLE = Automatic;
				DEVELOPMENT_TEAM = ATGLF89TD8;
				INFOPLIST_FILE = Uber/Info.plist;
				IPHONEOS_DEPLOYMENT_TARGET = 13.6;
				LD_RUNPATH_SEARCH_PATHS = (
					"$(inherited)",
					"@executable_path/Frameworks",
				);
				PRODUCT_BUNDLE_IDENTIFIER = com.app.studentProyect.Uber;
				PRODUCT_NAME = "$(TARGET_NAME)";
				SWIFT_VERSION = 5.0;
				TARGETED_DEVICE_FAMILY = "1,2";
			};
			name = Release;
		};
/* End XCBuildConfiguration section */

/* Begin XCConfigurationList section */
		150CE1B5251C566D003B7865 /* Build configuration list for PBXProject "Uber" */ = {
			isa = XCConfigurationList;
			buildConfigurations = (
				150CE1CC251C566E003B7865 /* Debug */,
				150CE1CD251C566E003B7865 /* Release */,
			);
			defaultConfigurationIsVisible = 0;
			defaultConfigurationName = Release;
		};
		150CE1CE251C566E003B7865 /* Build configuration list for PBXNativeTarget "Uber" */ = {
			isa = XCConfigurationList;
			buildConfigurations = (
				150CE1CF251C566E003B7865 /* Debug */,
				150CE1D0251C566E003B7865 /* Release */,
			);
			defaultConfigurationIsVisible = 0;
			defaultConfigurationName = Release;
		};
/* End XCConfigurationList section */
	};
	rootObject = 150CE1B2251C566D003B7865 /* Project object */;
}
